
Microsoft Visual Studio Solution File, Format Version 12.00
# Visual Studio Version 17
VisualStudioVersion = 17.0.32014.148
MinimumVisualStudioVersion = 10.0.40219.1
Project("{FAE04EC0-301F-11D3-BF4B-00C04F79EFBC}") = "14.3.22", "14.3.22\14.3.22.csproj", "{A6815998-385D-4774-B774-043B2DF0B6E7}"
EndProject
Global
	GlobalSection(SolutionConfigurationPlatforms) = preSolution
		Debug|Any CPU = Debug|Any CPU
		Release|Any CPU = Release|Any CPU
	EndGlobalSection
	GlobalSection(ProjectConfigurationPlatforms) = postSolution
		{A6815998-385D-4774-B774-043B2DF0B6E7}.Debug|Any CPU.ActiveCfg = Debug|Any CPU
		{A6815998-385D-4774-B774-043B2DF0B6E7}.Debug|Any CPU.Build.0 = Debug|Any CPU
		{A6815998-385D-4774-B774-043B2DF0B6E7}.Release|Any CPU.ActiveCfg = Release|Any CPU
		{A6815998-385D-4774-B774-043B2DF0B6E7}.Release|Any CPU.Build.0 = Release|Any CPU
	EndGlobalSection
	GlobalSection(SolutionProperties) = preSolution
		HideSolutionNode = FALSE
	EndGlobalSection
	GlobalSection(ExtensibilityGlobals) = postSolution
		SolutionGuid = {7519EC9B-81D4-45E7-8245-78F2CA6880AC}
	EndGlobalSection
EndGlobal
