
Microsoft Visual Studio Solution File, Format Version 12.00
# Visual Studio Version 17
VisualStudioVersion = 17.0.32014.148
MinimumVisualStudioVersion = 10.0.40219.1
Project("{FAE04EC0-301F-11D3-BF4B-00C04F79EFBC}") = "test_projekt_1ITB_mixer", "test_projekt_1ITB_mixer\test_projekt_1ITB_mixer.csproj", "{4C84908F-C393-4A13-9FAA-45A05E013035}"
EndProject
Global
	GlobalSection(SolutionConfigurationPlatforms) = preSolution
		Debug|Any CPU = Debug|Any CPU
		Release|Any CPU = Release|Any CPU
	EndGlobalSection
	GlobalSection(ProjectConfigurationPlatforms) = postSolution
		{4C84908F-C393-4A13-9FAA-45A05E013035}.Debug|Any CPU.ActiveCfg = Debug|Any CPU
		{4C84908F-C393-4A13-9FAA-45A05E013035}.Debug|Any CPU.Build.0 = Debug|Any CPU
		{4C84908F-C393-4A13-9FAA-45A05E013035}.Release|Any CPU.ActiveCfg = Release|Any CPU
		{4C84908F-C393-4A13-9FAA-45A05E013035}.Release|Any CPU.Build.0 = Release|Any CPU
	EndGlobalSection
	GlobalSection(SolutionProperties) = preSolution
		HideSolutionNode = FALSE
	EndGlobalSection
	GlobalSection(ExtensibilityGlobals) = postSolution
		SolutionGuid = {6BF9E202-8F27-4B6E-B43B-CF44D09E9051}
	EndGlobalSection
EndGlobal
