
Microsoft Visual Studio Solution File, Format Version 12.00
# Visual Studio Version 17
VisualStudioVersion = 17.0.32014.148
MinimumVisualStudioVersion = 10.0.40219.1
Project("{FAE04EC0-301F-11D3-BF4B-00C04F79EFBC}") = "Interface", "Interface\Interface.csproj", "{7717A7C7-B1FE-4ABE-AF96-FC759A9A4EDE}"
EndProject
Global
	GlobalSection(SolutionConfigurationPlatforms) = preSolution
		Debug|Any CPU = Debug|Any CPU
		Release|Any CPU = Release|Any CPU
	EndGlobalSection
	GlobalSection(ProjectConfigurationPlatforms) = postSolution
		{7717A7C7-B1FE-4ABE-AF96-FC759A9A4EDE}.Debug|Any CPU.ActiveCfg = Debug|Any CPU
		{7717A7C7-B1FE-4ABE-AF96-FC759A9A4EDE}.Debug|Any CPU.Build.0 = Debug|Any CPU
		{7717A7C7-B1FE-4ABE-AF96-FC759A9A4EDE}.Release|Any CPU.ActiveCfg = Release|Any CPU
		{7717A7C7-B1FE-4ABE-AF96-FC759A9A4EDE}.Release|Any CPU.Build.0 = Release|Any CPU
	EndGlobalSection
	GlobalSection(SolutionProperties) = preSolution
		HideSolutionNode = FALSE
	EndGlobalSection
	GlobalSection(ExtensibilityGlobals) = postSolution
		SolutionGuid = {C69791BC-5F75-4599-A922-E1AF2CD48CE8}
	EndGlobalSection
EndGlobal
