
Microsoft Visual Studio Solution File, Format Version 12.00
# Visual Studio Version 17
VisualStudioVersion = 17.0.32014.148
MinimumVisualStudioVersion = 10.0.40219.1
Project("{FAE04EC0-301F-11D3-BF4B-00C04F79EFBC}") = "PrvniWinForm", "PrvniWinForm\PrvniWinForm.csproj", "{24E58666-6F09-4005-8F4B-C2D6CB3FCFFB}"
EndProject
Global
	GlobalSection(SolutionConfigurationPlatforms) = preSolution
		Debug|Any CPU = Debug|Any CPU
		Release|Any CPU = Release|Any CPU
	EndGlobalSection
	GlobalSection(ProjectConfigurationPlatforms) = postSolution
		{24E58666-6F09-4005-8F4B-C2D6CB3FCFFB}.Debug|Any CPU.ActiveCfg = Debug|Any CPU
		{24E58666-6F09-4005-8F4B-C2D6CB3FCFFB}.Debug|Any CPU.Build.0 = Debug|Any CPU
		{24E58666-6F09-4005-8F4B-C2D6CB3FCFFB}.Release|Any CPU.ActiveCfg = Release|Any CPU
		{24E58666-6F09-4005-8F4B-C2D6CB3FCFFB}.Release|Any CPU.Build.0 = Release|Any CPU
	EndGlobalSection
	GlobalSection(SolutionProperties) = preSolution
		HideSolutionNode = FALSE
	EndGlobalSection
	GlobalSection(ExtensibilityGlobals) = postSolution
		SolutionGuid = {772F1077-22B7-4862-AB53-D62F67763FE4}
	EndGlobalSection
EndGlobal
